// !$*UTF8*$!
{
	archiveVersion = 1;
	classes = {
	};
	objectVersion = 46;
	objects = {

/* Begin PBXBuildFile section */
		133F6816154B252B00190E21 /* InfoPlist.strings in Resources */ = {isa = PBXBuildFile; fileRef = 133F6814154B252B00190E21 /* InfoPlist.strings */; };
		133F681A154B252C00190E21 /* RHKeychain.m in Sources */ = {isa = PBXBuildFile; fileRef = 133F6819154B252C00190E21 /* RHKeychain.m */; };
		133F6822154B252C00190E21 /* SenTestingKit.framework in Frameworks */ = {isa = PBXBuildFile; fileRef = 133F6821154B252C00190E21 /* SenTestingKit.framework */; };
		133F6823154B252C00190E21 /* Cocoa.framework in Frameworks */ = {isa = PBXBuildFile; fileRef = 133F680B154B252B00190E21 /* Cocoa.framework */; };
		133F6826154B252C00190E21 /* RHKeychain.framework in Frameworks */ = {isa = PBXBuildFile; fileRef = 133F6808154B252B00190E21 /* RHKeychain.framework */; };
		133F682C154B252C00190E21 /* InfoPlist.strings in Resources */ = {isa = PBXBuildFile; fileRef = 133F682A154B252C00190E21 /* InfoPlist.strings */; };
		133F682F154B252C00190E21 /* RHKeychainTests.m in Sources */ = {isa = PBXBuildFile; fileRef = 133F682E154B252C00190E21 /* RHKeychainTests.m */; };
		133F6838154B25F000190E21 /* RHKeychain.h in Headers */ = {isa = PBXBuildFile; fileRef = 133F6818154B252C00190E21 /* RHKeychain.h */; settings = {ATTRIBUTES = (Public, ); }; };
		133F683A154B262F00190E21 /* Security.framework in Frameworks */ = {isa = PBXBuildFile; fileRef = 133F6839154B262F00190E21 /* Security.framework */; };
		133F683B154B272F00190E21 /* Security.framework in Frameworks */ = {isa = PBXBuildFile; fileRef = 133F6839154B262F00190E21 /* Security.framework */; };
		133F683F154B27F100190E21 /* Foundation.framework in Frameworks */ = {isa = PBXBuildFile; fileRef = 133F6810154B252B00190E21 /* Foundation.framework */; };
/* End PBXBuildFile section */

/* Begin PBXContainerItemProxy section */
		133F6824154B252C00190E21 /* PBXContainerItemProxy */ = {
			isa = PBXContainerItemProxy;
			containerPortal = 133F67FE154B252B00190E21 /* Project object */;
			proxyType = 1;
			remoteGlobalIDString = 133F6807154B252B00190E21;
			remoteInfo = RHKeychain;
		};
/* End PBXContainerItemProxy section */

/* Begin PBXFileReference section */
		133F6808154B252B00190E21 /* RHKeychain.framework */ = {isa = PBXFileReference; explicitFileType = wrapper.framework; includeInIndex = 0; path = RHKeychain.framework; sourceTree = BUILT_PRODUCTS_DIR; };
		133F680B154B252B00190E21 /* Cocoa.framework */ = {isa = PBXFileReference; lastKnownFileType = wrapper.framework; name = Cocoa.framework; path = System/Library/Frameworks/Cocoa.framework; sourceTree = SDKROOT; };
		133F680E154B252B00190E21 /* AppKit.framework */ = {isa = PBXFileReference; lastKnownFileType = wrapper.framework; name = AppKit.framework; path = System/Library/Frameworks/AppKit.framework; sourceTree = SDKROOT; };
		133F680F154B252B00190E21 /* CoreData.framework */ = {isa = PBXFileReference; lastKnownFileType = wrapper.framework; name = CoreData.framework; path = System/Library/Frameworks/CoreData.framework; sourceTree = SDKROOT; };
		133F6810154B252B00190E21 /* Foundation.framework */ = {isa = PBXFileReference; lastKnownFileType = wrapper.framework; name = Foundation.framework; path = System/Library/Frameworks/Foundation.framework; sourceTree = SDKROOT; };
		133F6813154B252B00190E21 /* RHKeychain-Info.plist */ = {isa = PBXFileReference; lastKnownFileType = text.plist.xml; path = "RHKeychain-Info.plist"; sourceTree = "<group>"; };
		133F6815154B252B00190E21 /* en */ = {isa = PBXFileReference; lastKnownFileType = text.plist.strings; name = en; path = en.lproj/InfoPlist.strings; sourceTree = "<group>"; };
		133F6817154B252C00190E21 /* RHKeychain-Prefix.pch */ = {isa = PBXFileReference; lastKnownFileType = sourcecode.c.h; path = "RHKeychain-Prefix.pch"; sourceTree = "<group>"; };
		133F6818154B252C00190E21 /* RHKeychain.h */ = {isa = PBXFileReference; lastKnownFileType = sourcecode.c.h; path = RHKeychain.h; sourceTree = "<group>"; };
		133F6819154B252C00190E21 /* RHKeychain.m */ = {isa = PBXFileReference; lastKnownFileType = sourcecode.c.objc; path = RHKeychain.m; sourceTree = "<group>"; };
		133F6820154B252C00190E21 /* RHKeychainTests.octest */ = {isa = PBXFileReference; explicitFileType = wrapper.cfbundle; includeInIndex = 0; path = RHKeychainTests.octest; sourceTree = BUILT_PRODUCTS_DIR; };
		133F6821154B252C00190E21 /* SenTestingKit.framework */ = {isa = PBXFileReference; lastKnownFileType = wrapper.framework; name = SenTestingKit.framework; path = Library/Frameworks/SenTestingKit.framework; sourceTree = DEVELOPER_DIR; };
		133F6829154B252C00190E21 /* RHKeychainTests-Info.plist */ = {isa = PBXFileReference; lastKnownFileType = text.plist.xml; path = "RHKeychainTests-Info.plist"; sourceTree = "<group>"; };
		133F682B154B252C00190E21 /* en */ = {isa = PBXFileReference; lastKnownFileType = text.plist.strings; name = en; path = en.lproj/InfoPlist.strings; sourceTree = "<group>"; };
		133F682D154B252C00190E21 /* RHKeychainTests.h */ = {isa = PBXFileReference; lastKnownFileType = sourcecode.c.h; path = RHKeychainTests.h; sourceTree = "<group>"; };
		133F682E154B252C00190E21 /* RHKeychainTests.m */ = {isa = PBXFileReference; lastKnownFileType = sourcecode.c.objc; path = RHKeychainTests.m; sourceTree = "<group>"; };
		133F6839154B262F00190E21 /* Security.framework */ = {isa = PBXFileReference; lastKnownFileType = wrapper.framework; name = Security.framework; path = System/Library/Frameworks/Security.framework; sourceTree = SDKROOT; };
/* End PBXFileReference section */

/* Begin PBXFrameworksBuildPhase section */
		133F6804154B252B00190E21 /* Frameworks */ = {
			isa = PBXFrameworksBuildPhase;
			buildActionMask = 2147483647;
			files = (
				133F683F154B27F100190E21 /* Foundation.framework in Frameworks */,
				133F683A154B262F00190E21 /* Security.framework in Frameworks */,
			);
			runOnlyForDeploymentPostprocessing = 0;
		};
		133F681C154B252C00190E21 /* Frameworks */ = {
			isa = PBXFrameworksBuildPhase;
			buildActionMask = 2147483647;
			files = (
				133F683B154B272F00190E21 /* Security.framework in Frameworks */,
				133F6822154B252C00190E21 /* SenTestingKit.framework in Frameworks */,
				133F6823154B252C00190E21 /* Cocoa.framework in Frameworks */,
				133F6826154B252C00190E21 /* RHKeychain.framework in Frameworks */,
			);
			runOnlyForDeploymentPostprocessing = 0;
		};
/* End PBXFrameworksBuildPhase section */

/* Begin PBXGroup section */
		133F67FC154B252B00190E21 = {
			isa = PBXGroup;
			children = (
				133F6811154B252B00190E21 /* RHKeychain */,
				133F6827154B252C00190E21 /* RHKeychainTests */,
				133F680A154B252B00190E21 /* Frameworks */,
				133F6809154B252B00190E21 /* Products */,
			);
			sourceTree = "<group>";
		};
		133F6809154B252B00190E21 /* Products */ = {
			isa = PBXGroup;
			children = (
				133F6808154B252B00190E21 /* RHKeychain.framework */,
				133F6820154B252C00190E21 /* RHKeychainTests.octest */,
			);
			name = Products;
			sourceTree = "<group>";
		};
		133F680A154B252B00190E21 /* Frameworks */ = {
			isa = PBXGroup;
			children = (
				133F6839154B262F00190E21 /* Security.framework */,
				133F680B154B252B00190E21 /* Cocoa.framework */,
				133F6821154B252C00190E21 /* SenTestingKit.framework */,
				133F680D154B252B00190E21 /* Other Frameworks */,
			);
			name = Frameworks;
			sourceTree = "<group>";
		};
		133F680D154B252B00190E21 /* Other Frameworks */ = {
			isa = PBXGroup;
			children = (
				133F680E154B252B00190E21 /* AppKit.framework */,
				133F680F154B252B00190E21 /* CoreData.framework */,
				133F6810154B252B00190E21 /* Foundation.framework */,
			);
			name = "Other Frameworks";
			sourceTree = "<group>";
		};
		133F6811154B252B00190E21 /* RHKeychain */ = {
			isa = PBXGroup;
			children = (
				133F6818154B252C00190E21 /* RHKeychain.h */,
				133F6819154B252C00190E21 /* RHKeychain.m */,
				133F6812154B252B00190E21 /* Supporting Files */,
			);
			path = RHKeychain;
			sourceTree = "<group>";
		};
		133F6812154B252B00190E21 /* Supporting Files */ = {
			isa = PBXGroup;
			children = (
				133F6813154B252B00190E21 /* RHKeychain-Info.plist */,
				133F6814154B252B00190E21 /* InfoPlist.strings */,
				133F6817154B252C00190E21 /* RHKeychain-Prefix.pch */,
			);
			name = "Supporting Files";
			sourceTree = "<group>";
		};
		133F6827154B252C00190E21 /* RHKeychainTests */ = {
			isa = PBXGroup;
			children = (
				133F682D154B252C00190E21 /* RHKeychainTests.h */,
				133F682E154B252C00190E21 /* RHKeychainTests.m */,
				133F6828154B252C00190E21 /* Supporting Files */,
			);
			path = RHKeychainTests;
			sourceTree = "<group>";
		};
		133F6828154B252C00190E21 /* Supporting Files */ = {
			isa = PBXGroup;
			children = (
				133F6829154B252C00190E21 /* RHKeychainTests-Info.plist */,
				133F682A154B252C00190E21 /* InfoPlist.strings */,
			);
			name = "Supporting Files";
			sourceTree = "<group>";
		};
/* End PBXGroup section */

/* Begin PBXHeadersBuildPhase section */
		133F6805154B252B00190E21 /* Headers */ = {
			isa = PBXHeadersBuildPhase;
			buildActionMask = 2147483647;
			files = (
				133F6838154B25F000190E21 /* RHKeychain.h in Headers */,
			);
			runOnlyForDeploymentPostprocessing = 0;
		};
/* End PBXHeadersBuildPhase section */

/* Begin PBXNativeTarget section */
		133F6807154B252B00190E21 /* RHKeychain */ = {
			isa = PBXNativeTarget;
			buildConfigurationList = 133F6832154B252C00190E21 /* Build configuration list for PBXNativeTarget "RHKeychain" */;
			buildPhases = (
				133F6803154B252B00190E21 /* Sources */,
				133F6804154B252B00190E21 /* Frameworks */,
				133F6805154B252B00190E21 /* Headers */,
				133F6806154B252B00190E21 /* Resources */,
			);
			buildRules = (
			);
			dependencies = (
			);
			name = RHKeychain;
			productName = RHKeychain;
			productReference = 133F6808154B252B00190E21 /* RHKeychain.framework */;
			productType = "com.apple.product-type.framework";
		};
		133F681F154B252C00190E21 /* RHKeychainTests */ = {
			isa = PBXNativeTarget;
			buildConfigurationList = 133F6835154B252C00190E21 /* Build configuration list for PBXNativeTarget "RHKeychainTests" */;
			buildPhases = (
				133F681B154B252C00190E21 /* Sources */,
				133F681C154B252C00190E21 /* Frameworks */,
				133F681D154B252C00190E21 /* Resources */,
				133F681E154B252C00190E21 /* ShellScript */,
			);
			buildRules = (
			);
			dependencies = (
				133F6825154B252C00190E21 /* PBXTargetDependency */,
			);
			name = RHKeychainTests;
			productName = RHKeychainTests;
			productReference = 133F6820154B252C00190E21 /* RHKeychainTests.octest */;
			productType = "com.apple.product-type.bundle";
		};
/* End PBXNativeTarget section */

/* Begin PBXProject section */
		133F67FE154B252B00190E21 /* Project object */ = {
			isa = PBXProject;
			attributes = {
				LastUpgradeCheck = 0450;
				ORGANIZATIONNAME = "Richard Heard";
			};
			buildConfigurationList = 133F6801154B252B00190E21 /* Build configuration list for PBXProject "RHKeychain" */;
			compatibilityVersion = "Xcode 3.2";
			developmentRegion = English;
			hasScannedForEncodings = 0;
			knownRegions = (
				en,
			);
			mainGroup = 133F67FC154B252B00190E21;
			productRefGroup = 133F6809154B252B00190E21 /* Products */;
			projectDirPath = "";
			projectRoot = "";
			targets = (
				133F6807154B252B00190E21 /* RHKeychain */,
				133F681F154B252C00190E21 /* RHKeychainTests */,
			);
		};
/* End PBXProject section */

/* Begin PBXResourcesBuildPhase section */
		133F6806154B252B00190E21 /* Resources */ = {
			isa = PBXResourcesBuildPhase;
			buildActionMask = 2147483647;
			files = (
				133F6816154B252B00190E21 /* InfoPlist.strings in Resources */,
			);
			runOnlyForDeploymentPostprocessing = 0;
		};
		133F681D154B252C00190E21 /* Resources */ = {
			isa = PBXResourcesBuildPhase;
			buildActionMask = 2147483647;
			files = (
				133F682C154B252C00190E21 /* InfoPlist.strings in Resources */,
			);
			runOnlyForDeploymentPostprocessing = 0;
		};
/* End PBXResourcesBuildPhase section */

/* Begin PBXShellScriptBuildPhase section */
		133F681E154B252C00190E21 /* ShellScript */ = {
			isa = PBXShellScriptBuildPhase;
			buildActionMask = 2147483647;
			files = (
			);
			inputPaths = (
			);
			outputPaths = (
			);
			runOnlyForDeploymentPostprocessing = 0;
			shellPath = /bin/sh;
			shellScript = "# Run the unit tests in this test bundle.\n\"${SYSTEM_DEVELOPER_DIR}/Tools/RunUnitTests\"\n";
		};
/* End PBXShellScriptBuildPhase section */

/* Begin PBXSourcesBuildPhase section */
		133F6803154B252B00190E21 /* Sources */ = {
			isa = PBXSourcesBuildPhase;
			buildActionMask = 2147483647;
			files = (
				133F681A154B252C00190E21 /* RHKeychain.m in Sources */,
			);
			runOnlyForDeploymentPostprocessing = 0;
		};
		133F681B154B252C00190E21 /* Sources */ = {
			isa = PBXSourcesBuildPhase;
			buildActionMask = 2147483647;
			files = (
				133F682F154B252C00190E21 /* RHKeychainTests.m in Sources */,
			);
			runOnlyForDeploymentPostprocessing = 0;
		};
/* End PBXSourcesBuildPhase section */

/* Begin PBXTargetDependency section */
		133F6825154B252C00190E21 /* PBXTargetDependency */ = {
			isa = PBXTargetDependency;
			target = 133F6807154B252B00190E21 /* RHKeychain */;
			targetProxy = 133F6824154B252C00190E21 /* PBXContainerItemProxy */;
		};
/* End PBXTargetDependency section */

/* Begin PBXVariantGroup section */
		133F6814154B252B00190E21 /* InfoPlist.strings */ = {
			isa = PBXVariantGroup;
			children = (
				133F6815154B252B00190E21 /* en */,
			);
			name = InfoPlist.strings;
			sourceTree = "<group>";
		};
		133F682A154B252C00190E21 /* InfoPlist.strings */ = {
			isa = PBXVariantGroup;
			children = (
				133F682B154B252C00190E21 /* en */,
			);
			name = InfoPlist.strings;
			sourceTree = "<group>";
		};
/* End PBXVariantGroup section */

/* Begin XCBuildConfiguration section */
		133F6830154B252C00190E21 /* Debug */ = {
			isa = XCBuildConfiguration;
			buildSettings = {
				ALWAYS_SEARCH_USER_PATHS = NO;
				ARCHS = "$(ARCHS_STANDARD_64_BIT)";
				COMBINE_HIDPI_IMAGES = YES;
				COPY_PHASE_STRIP = NO;
				GCC_C_LANGUAGE_STANDARD = gnu99;
				GCC_DYNAMIC_NO_PIC = NO;
				GCC_ENABLE_OBJC_EXCEPTIONS = YES;
				GCC_OPTIMIZATION_LEVEL = 0;
				GCC_PREPROCESSOR_DEFINITIONS = (
					"DEBUG=1",
					"$(inherited)",
				);
				GCC_SYMBOLS_PRIVATE_EXTERN = NO;
				GCC_VERSION = com.apple.compilers.llvm.clang.1_0;
				GCC_WARN_64_TO_32_BIT_CONVERSION = YES;
				GCC_WARN_ABOUT_RETURN_TYPE = YES;
				GCC_WARN_UNINITIALIZED_AUTOS = YES;
				GCC_WARN_UNUSED_VARIABLE = YES;
				MACOSX_DEPLOYMENT_TARGET = 10.6;
				ONLY_ACTIVE_ARCH = YES;
				SDKROOT = macosx;
			};
			name = Debug;
		};
		133F6831154B252C00190E21 /* Release */ = {
			isa = XCBuildConfiguration;
			buildSettings = {
				ALWAYS_SEARCH_USER_PATHS = NO;
				ARCHS = "$(ARCHS_STANDARD_64_BIT)";
				COMBINE_HIDPI_IMAGES = YES;
				COPY_PHASE_STRIP = YES;
				DEBUG_INFORMATION_FORMAT = "dwarf-with-dsym";
				GCC_C_LANGUAGE_STANDARD = gnu99;
				GCC_ENABLE_OBJC_EXCEPTIONS = YES;
				GCC_VERSION = com.apple.compilers.llvm.clang.1_0;
				GCC_WARN_64_TO_32_BIT_CONVERSION = YES;
				GCC_WARN_ABOUT_RETURN_TYPE = YES;
				GCC_WARN_UNINITIALIZED_AUTOS = YES;
				GCC_WARN_UNUSED_VARIABLE = YES;
				MACOSX_DEPLOYMENT_TARGET = 10.6;
				SDKROOT = macosx;
			};
			name = Release;
		};
		133F6833154B252C00190E21 /* Debug */ = {
			isa = XCBuildConfiguration;
			buildSettings = {
				DYLIB_COMPATIBILITY_VERSION = 1;
				DYLIB_CURRENT_VERSION = 1;
				FRAMEWORK_VERSION = A;
				GCC_PRECOMPILE_PREFIX_HEADER = YES;
				GCC_PREFIX_HEADER = "RHKeychain/RHKeychain-Prefix.pch";
				INFOPLIST_FILE = "RHKeychain/RHKeychain-Info.plist";
				INSTALL_PATH = "@executable_path/../Frameworks";
				PRODUCT_NAME = "$(TARGET_NAME)";
				WRAPPER_EXTENSION = framework;
			};
			name = Debug;
		};
		133F6834154B252C00190E21 /* Release */ = {
			isa = XCBuildConfiguration;
			buildSettings = {
				DYLIB_COMPATIBILITY_VERSION = 1;
				DYLIB_CURRENT_VERSION = 1;
				FRAMEWORK_VERSION = A;
				GCC_PRECOMPILE_PREFIX_HEADER = YES;
				GCC_PREFIX_HEADER = "RHKeychain/RHKeychain-Prefix.pch";
				INFOPLIST_FILE = "RHKeychain/RHKeychain-Info.plist";
				INSTALL_PATH = "@executable_path/../Frameworks";
				PRODUCT_NAME = "$(TARGET_NAME)";
				WRAPPER_EXTENSION = framework;
			};
			name = Release;
		};
		133F6836154B252C00190E21 /* Debug */ = {
			isa = XCBuildConfiguration;
			buildSettings = {
				FRAMEWORK_SEARCH_PATHS = "$(DEVELOPER_LIBRARY_DIR)/Frameworks";
				GCC_PRECOMPILE_PREFIX_HEADER = YES;
				GCC_PREFIX_HEADER = "RHKeychain/RHKeychain-Prefix.pch";
				INFOPLIST_FILE = "RHKeychainTests/RHKeychainTests-Info.plist";
				PRODUCT_NAME = "$(TARGET_NAME)";
				WRAPPER_EXTENSION = octest;
			};
			name = Debug;
		};
		133F6837154B252C00190E21 /* Release */ = {
			isa = XCBuildConfiguration;
			buildSettings = {
				FRAMEWORK_SEARCH_PATHS = "$(DEVELOPER_LIBRARY_DIR)/Frameworks";
				GCC_PRECOMPILE_PREFIX_HEADER = YES;
				GCC_PREFIX_HEADER = "RHKeychain/RHKeychain-Prefix.pch";
				INFOPLIST_FILE = "RHKeychainTests/RHKeychainTests-Info.plist";
				PRODUCT_NAME = "$(TARGET_NAME)";
				WRAPPER_EXTENSION = octest;
			};
			name = Release;
		};
/* End XCBuildConfiguration section */

/* Begin XCConfigurationList section */
		133F6801154B252B00190E21 /* Build configuration list for PBXProject "RHKeychain" */ = {
			isa = XCConfigurationList;
			buildConfigurations = (
				133F6830154B252C00190E21 /* Debug */,
				133F6831154B252C00190E21 /* Release */,
			);
			defaultConfigurationIsVisible = 0;
			defaultConfigurationName = Release;
		};
		133F6832154B252C00190E21 /* Build configuration list for PBXNativeTarget "RHKeychain" */ = {
			isa = XCConfigurationList;
			buildConfigurations = (
				133F6833154B252C00190E21 /* Debug */,
				133F6834154B252C00190E21 /* Release */,
			);
			defaultConfigurationIsVisible = 0;
			defaultConfigurationName = Release;
		};
		133F6835154B252C00190E21 /* Build configuration list for PBXNativeTarget "RHKeychainTests" */ = {
			isa = XCConfigurationList;
			buildConfigurations = (
				133F6836154B252C00190E21 /* Debug */,
				133F6837154B252C00190E21 /* Release */,
			);
			defaultConfigurationIsVisible = 0;
			defaultConfigurationName = Release;
		};
/* End XCConfigurationList section */
	};
	rootObject = 133F67FE154B252B00190E21 /* Project object */;
}
